{
  "lockfileVersion": 1,
  "workspaces": {
    "": {
      "name": "slack",
      "dependencies": {
        "@blink-sdk/slackbot": "^0.0.7",
        "ai": "^5.0.47",
        "blink": "^0.1.34",
        "esbuild": "^0.25.10",
        "node-html-parser": "^6.1.13",
        "zod": "^4.1.9",
      },
      "devDependencies": {
        "@blink-sdk/model-intent": "^0.0.3",
        "@types/node": "^24.5.2",
      },
    },
  },
  "packages": {
    "@ai-sdk/gateway": ["@ai-sdk/gateway@1.0.24", "", { "dependencies": { "@ai-sdk/provider": "2.0.0", "@ai-sdk/provider-utils": "3.0.9" }, "peerDependencies": { "zod": "^3.25.76 || ^4" } }, "sha512-Mwp0yYXrEnENoDrc7IH9yVRVJ7RrDW0CXWDtyz1BiyqccbtdWhAKu4wtrDMx2FkeK5riiME1kYYdjRnlba3UFw=="],

    "@ai-sdk/provider": ["@ai-sdk/provider@2.0.0", "", { "dependencies": { "json-schema": "^0.4.0" } }, "sha512-6o7Y2SeO9vFKB8lArHXehNuusnpddKPk7xqL7T2/b+OvXMRIXUO1rR4wcv1hAFUAT9avGZshty3Wlua/XA7TvA=="],

    "@ai-sdk/provider-utils": ["@ai-sdk/provider-utils@3.0.9", "", { "dependencies": { "@ai-sdk/provider": "2.0.0", "@standard-schema/spec": "^1.0.0", "eventsource-parser": "^3.0.5" }, "peerDependencies": { "zod": "^3.25.76 || ^4" } }, "sha512-Pm571x5efqaI4hf9yW4KsVlDBDme8++UepZRnq+kqVBWWjgvGhQlzU8glaFq0YJEB9kkxZHbRRyVeHoV2sRYaQ=="],

    "@blink-sdk/model-intent": ["@blink-sdk/model-intent@0.0.3", "", { "peerDependencies": { "ai": ">=5", "zod": ">=4" } }, "sha512-X0kY5FL/Bs6Rd74+b+fpxvUtuC09h1AizavR6ywofdSrbqQzCl/ZwAzsNWXMA4y7l4EPyEVCdGv7NFPlY52nnA=="],

    "@blink-sdk/slackbot": ["@blink-sdk/slackbot@0.0.7", "", { "dependencies": { "slack-edge": "^1.3.12" }, "peerDependencies": { "ai": ">=5", "blink": "*" } }, "sha512-6wmD2hp1+1+UMUuGMBFtuzVXU/ViS2o5iDG65tLWhYpAMMGmozwOmLgEZ7BUAMdbc/ML2v2z9l8e089mqOqoDg=="],

    "@esbuild/darwin-arm64": ["@esbuild/darwin-arm64@0.25.10", "", { "os": "darwin", "cpu": "arm64" }, ""],

    "@opentelemetry/api": ["@opentelemetry/api@1.9.0", "", {}, "sha512-3giAOQvZiH5F9bMlMiv8+GSPMeqg0dbaeo58/0SlA9sxSqZhnUtxzX9/2FzyhS9sWQf5S0GJE0AKBrFqjpeYcg=="],

    "@standard-schema/spec": ["@standard-schema/spec@1.0.0", "", {}, "sha512-m2bOd0f2RT9k8QJx1JN85cZYyH1RqFBdlwtkSlf4tBDYLCiiZnv1fIIwacK6cqwXavOydf0NPToMQgpKq+dVlA=="],

    "@types/node": ["@types/node@24.5.2", "", { "dependencies": { "undici-types": "~7.12.0" } }, "sha512-FYxk1I7wPv3K2XBaoyH2cTnocQEu8AOZ60hPbsyukMPLv5/5qr7V1i8PLHdl6Zf87I+xZXFvPCXYjiTFq+YSDQ=="],

    "ai": ["ai@5.0.47", "", { "dependencies": { "@ai-sdk/gateway": "1.0.24", "@ai-sdk/provider": "2.0.0", "@ai-sdk/provider-utils": "3.0.9", "@opentelemetry/api": "1.9.0" }, "peerDependencies": { "zod": "^3.25.76 || ^4" } }, "sha512-/DKfU9tTsQVcUYSDCTu1L7jmvEgzUWOr1xf5UHwwDbRf/HED8LDb60QlWYs6f4BkZsVoLvpliCSjliXiRZywFQ=="],

    "blink": ["blink@0.1.34", "", { "dependencies": { "zod": "^4.1.5" }, "optionalDependencies": { "esbuild": "^0.25.9" }, "bin": { "blink": "dist/cli/index.js" } }, "sha512-pz5Azak6f0y/jNl4t0RQG5WZ9IMspg9610J2wX17C9pENgTkwTLLQQmYXEduexBqJZY0VHD0hxGvRiqFm+MoYw=="],

    "boolbase": ["boolbase@1.0.0", "", {}, "sha512-JZOSA7Mo9sNGB8+UjSgzdLtokWAky1zbztM3WRLCbZ70/3cTANmQmOdR7y2g+J0e2WXywy1yS468tY+IruqEww=="],

    "css-select": ["css-select@5.2.2", "", { "dependencies": { "boolbase": "^1.0.0", "css-what": "^6.1.0", "domhandler": "^5.0.2", "domutils": "^3.0.1", "nth-check": "^2.0.1" } }, "sha512-TizTzUddG/xYLA3NXodFM0fSbNizXjOKhqiQQwvhlspadZokn1KDy0NZFS0wuEubIYAV5/c1/lAr0TaaFXEXzw=="],

    "css-what": ["css-what@6.2.2", "", {}, "sha512-u/O3vwbptzhMs3L1fQE82ZSLHQQfto5gyZzwteVIEyeaY5Fc7R4dapF/BvRoSYFeqfBk4m0V1Vafq5Pjv25wvA=="],

    "dom-serializer": ["dom-serializer@2.0.0", "", { "dependencies": { "domelementtype": "^2.3.0", "domhandler": "^5.0.2", "entities": "^4.2.0" } }, "sha512-wIkAryiqt/nV5EQKqQpo3SToSOV9J0DnbJqwK7Wv/Trc92zIAYZ4FlMu+JPFW1DfGFt81ZTCGgDEabffXeLyJg=="],

    "domelementtype": ["domelementtype@2.3.0", "", {}, "sha512-OLETBj6w0OsagBwdXnPdN0cnMfF9opN69co+7ZrbfPGrdpPVNBUj02spi6B1N7wChLQiPn4CSH/zJvXw56gmHw=="],

    "domhandler": ["domhandler@5.0.3", "", { "dependencies": { "domelementtype": "^2.3.0" } }, "sha512-cgwlv/1iFQiFnU96XXgROh8xTeetsnJiDsTc7TYCLFd9+/WNkIqPTxiM/8pSd8VIrhXGTf1Ny1q1hquVqDJB5w=="],

    "domutils": ["domutils@3.2.2", "", { "dependencies": { "dom-serializer": "^2.0.0", "domelementtype": "^2.3.0", "domhandler": "^5.0.3" } }, "sha512-6kZKyUajlDuqlHKVX1w7gyslj9MPIXzIFiz/rGu35uC1wMi+kMhQwGhl4lt9unC9Vb9INnY9Z3/ZA3+FhASLaw=="],

    "entities": ["entities@4.5.0", "", {}, "sha512-V0hjH4dGPh9Ao5p0MoRY6BVqtwCjhz6vI5LT8AJ55H+4g9/4vbHx1I54fS0XuclLhDHArPQCiMjDxjaL8fPxhw=="],

    "esbuild": ["esbuild@0.25.10", "", { "optionalDependencies": { "@esbuild/darwin-arm64": "0.25.10" }, "bin": "bin/esbuild" }, ""],

    "eventsource-parser": ["eventsource-parser@3.0.6", "", {}, "sha512-Vo1ab+QXPzZ4tCa8SwIHJFaSzy4R6SHf7BY79rFBDf0idraZWAkYrDjDj8uWaSm3S2TK+hJ7/t1CEmZ7jXw+pg=="],

    "he": ["he@1.2.0", "", { "bin": { "he": "bin/he" } }, "sha512-F/1DnUGPopORZi0ni+CvrCgHQ5FyEAHRLSApuYWMmrbSwoN2Mn/7k+Gl38gJnR7yyDZk6WLXwiGod1JOWNDKGw=="],

    "json-schema": ["json-schema@0.4.0", "", {}, "sha512-es94M3nTIfsEPisRafak+HDLfHXnKBhV3vU5eqPcS3flIWqcxJWgXHXiey3YrpaNsanY5ei1VoYEbOzijuq9BA=="],

    "node-html-parser": ["node-html-parser@6.1.13", "", { "dependencies": { "css-select": "^5.1.0", "he": "1.2.0" } }, "sha512-qIsTMOY4C/dAa5Q5vsobRpOOvPfC4pB61UVW2uSwZNUp0QU/jCekTal1vMmbO0DgdHeLUJpv/ARmDqErVxA3Sg=="],

    "nth-check": ["nth-check@2.1.1", "", { "dependencies": { "boolbase": "^1.0.0" } }, "sha512-lqjrjmaOoAnWfMmBPL+XNnynZh2+swxiX3WUE0s4yEHI6m+AwrK2UZOimIRl3X/4QctVqS8AiZjFqyOGrMXb/w=="],

    "slack-edge": ["slack-edge@1.3.12", "", { "dependencies": { "slack-web-api-client": "^1.1.7" } }, "sha512-9+He610rMeEeZawJY2UB4MGqQ4YwqOJXa+g5z0j26JCguFPv3MkByLiYsIf9fJMsCega4863RqzLCQ61AvCPAA=="],

    "slack-web-api-client": ["slack-web-api-client@1.1.7", "", {}, "sha512-R36tRp8JcBTHXHMs60sNJTHbUrfj/+5X3ezSNbdoNXTdcRGPM8NZ6ANG3MeZEROxYEOm665Ya7QNfp/xmskQbw=="],

    "undici-types": ["undici-types@7.12.0", "", {}, "sha512-goOacqME2GYyOZZfb5Lgtu+1IDmAlAEu5xnD3+xTzS10hT0vzpf0SPjkXwAw9Jm+4n/mQGDP3LO8CPbYROeBfQ=="],

    "zod": ["zod@4.1.9", "", {}, ""],
  }
}
